{
  "requires": true,
  "lockfileVersion": 1,
  "dependencies": {
    "print-js": {
      "version": "1.0.40",
      "resolved": "https://registry.npmjs.org/print-js/-/print-js-1.0.40.tgz",
      "integrity": "sha512-MoS5TNqmqFdRfcvdN6FIx9i2vimhBX3S2lPqzNI70UFbqg2X1uSGhkxR/BSS+I4TcfrzWXMKm7BbPD7phrxbzw=="
    }
  }
}
